
Microsoft Visual Studio Solution File, Format Version 12.00
# Visual Studio Version 17
VisualStudioVersion = 17.4.33403.182
MinimumVisualStudioVersion = 10.0.40219.1
Project("{FAE04EC0-301F-11D3-BF4B-00C04F79EFBC}") = "BlazorApp1", "BlazorApp1\BlazorApp1.csproj", "{1BC3986D-0FFA-47F5-86C2-E3B2FB3218EE}"
EndProject
Global
	GlobalSection(SolutionConfigurationPlatforms) = preSolution
		Debug|Any CPU = Debug|Any CPU
		Release|Any CPU = Release|Any CPU
	EndGlobalSection
	GlobalSection(ProjectConfigurationPlatforms) = postSolution
		{1BC3986D-0FFA-47F5-86C2-E3B2FB3218EE}.Debug|Any CPU.ActiveCfg = Debug|Any CPU
		{1BC3986D-0FFA-47F5-86C2-E3B2FB3218EE}.Debug|Any CPU.Build.0 = Debug|Any CPU
		{1BC3986D-0FFA-47F5-86C2-E3B2FB3218EE}.Release|Any CPU.ActiveCfg = Release|Any CPU
		{1BC3986D-0FFA-47F5-86C2-E3B2FB3218EE}.Release|Any CPU.Build.0 = Release|Any CPU
	EndGlobalSection
	GlobalSection(SolutionProperties) = preSolution
		HideSolutionNode = FALSE
	EndGlobalSection
	GlobalSection(ExtensibilityGlobals) = postSolution
		SolutionGuid = {471E975C-ACDD-4901-9725-77979E8E851D}
	EndGlobalSection
EndGlobal
